// !$*UTF8*$!
{
	archiveVersion = 1;
	classes = {
	};
	objectVersion = 56;
	objects = {

/* Begin PBXBuildFile section */
		D5DCAF452CE3782D00D1070D /* AppDelegate.swift in Sources */ = {isa = PBXBuildFile; fileRef = D5DCAF442CE3782D00D1070D /* AppDelegate.swift */; };
		D5DCAF472CE3782D00D1070D /* SceneDelegate.swift in Sources */ = {isa = PBXBuildFile; fileRef = D5DCAF462CE3782D00D1070D /* SceneDelegate.swift */; };
		D5DCAF492CE3782D00D1070D /* ViewController.swift in Sources */ = {isa = PBXBuildFile; fileRef = D5DCAF482CE3782D00D1070D /* ViewController.swift */; };
		D5DCAF4C2CE3782D00D1070D /* Base in Resources */ = {isa = PBXBuildFile; fileRef = D5DCAF4B2CE3782D00D1070D /* Base */; };
		D5DCAF4E2CE3782F00D1070D /* Assets.xcassets in Resources */ = {isa = PBXBuildFile; fileRef = D5DCAF4D2CE3782F00D1070D /* Assets.xcassets */; };
		D5DCAF512CE3782F00D1070D /* Base in Resources */ = {isa = PBXBuildFile; fileRef = D5DCAF502CE3782F00D1070D /* Base */; };
		D5DCAF5C2CE3782F00D1070D /* ProgressViewTests.swift in Sources */ = {isa = PBXBuildFile; fileRef = D5DCAF5B2CE3782F00D1070D /* ProgressViewTests.swift */; };
		D5DCAF662CE3782F00D1070D /* ProgressViewUITests.swift in Sources */ = {isa = PBXBuildFile; fileRef = D5DCAF652CE3782F00D1070D /* ProgressViewUITests.swift */; };
		D5DCAF682CE3782F00D1070D /* ProgressViewUITestsLaunchTests.swift in Sources */ = {isa = PBXBuildFile; fileRef = D5DCAF672CE3782F00D1070D /* ProgressViewUITestsLaunchTests.swift */; };
/* End PBXBuildFile section */

/* Begin PBXContainerItemProxy section */
		D5DCAF582CE3782F00D1070D /* PBXContainerItemProxy */ = {
			isa = PBXContainerItemProxy;
			containerPortal = D5DCAF392CE3782D00D1070D /* Project object */;
			proxyType = 1;
			remoteGlobalIDString = D5DCAF402CE3782D00D1070D;
			remoteInfo = ProgressView;
		};
		D5DCAF622CE3782F00D1070D /* PBXContainerItemProxy */ = {
			isa = PBXContainerItemProxy;
			containerPortal = D5DCAF392CE3782D00D1070D /* Project object */;
			proxyType = 1;
			remoteGlobalIDString = D5DCAF402CE3782D00D1070D;
			remoteInfo = ProgressView;
		};
/* End PBXContainerItemProxy section */

/* Begin PBXFileReference section */
		D5DCAF412CE3782D00D1070D /* ProgressView.app */ = {isa = PBXFileReference; explicitFileType = wrapper.application; includeInIndex = 0; path = ProgressView.app; sourceTree = BUILT_PRODUCTS_DIR; };
		D5DCAF442CE3782D00D1070D /* AppDelegate.swift */ = {isa = PBXFileReference; lastKnownFileType = sourcecode.swift; path = AppDelegate.swift; sourceTree = "<group>"; };
		D5DCAF462CE3782D00D1070D /* SceneDelegate.swift */ = {isa = PBXFileReference; lastKnownFileType = sourcecode.swift; path = SceneDelegate.swift; sourceTree = "<group>"; };
		D5DCAF482CE3782D00D1070D /* ViewController.swift */ = {isa = PBXFileReference; lastKnownFileType = sourcecode.swift; path = ViewController.swift; sourceTree = "<group>"; };
		D5DCAF4B2CE3782D00D1070D /* Base */ = {isa = PBXFileReference; lastKnownFileType = file.storyboard; name = Base; path = Base.lproj/Main.storyboard; sourceTree = "<group>"; };
		D5DCAF4D2CE3782F00D1070D /* Assets.xcassets */ = {isa = PBXFileReference; lastKnownFileType = folder.assetcatalog; path = Assets.xcassets; sourceTree = "<group>"; };
		D5DCAF502CE3782F00D1070D /* Base */ = {isa = PBXFileReference; lastKnownFileType = file.storyboard; name = Base; path = Base.lproj/LaunchScreen.storyboard; sourceTree = "<group>"; };
		D5DCAF522CE3782F00D1070D /* Info.plist */ = {isa = PBXFileReference; lastKnownFileType = text.plist.xml; path = Info.plist; sourceTree = "<group>"; };
		D5DCAF572CE3782F00D1070D /* ProgressViewTests.xctest */ = {isa = PBXFileReference; explicitFileType = wrapper.cfbundle; includeInIndex = 0; path = ProgressViewTests.xctest; sourceTree = BUILT_PRODUCTS_DIR; };
		D5DCAF5B2CE3782F00D1070D /* ProgressViewTests.swift */ = {isa = PBXFileReference; lastKnownFileType = sourcecode.swift; path = ProgressViewTests.swift; sourceTree = "<group>"; };
		D5DCAF612CE3782F00D1070D /* ProgressViewUITests.xctest */ = {isa = PBXFileReference; explicitFileType = wrapper.cfbundle; includeInIndex = 0; path = ProgressViewUITests.xctest; sourceTree = BUILT_PRODUCTS_DIR; };
		D5DCAF652CE3782F00D1070D /* ProgressViewUITests.swift */ = {isa = PBXFileReference; lastKnownFileType = sourcecode.swift; path = ProgressViewUITests.swift; sourceTree = "<group>"; };
		D5DCAF672CE3782F00D1070D /* ProgressViewUITestsLaunchTests.swift */ = {isa = PBXFileReference; lastKnownFileType = sourcecode.swift; path = ProgressViewUITestsLaunchTests.swift; sourceTree = "<group>"; };
/* End PBXFileReference section */

/* Begin PBXFrameworksBuildPhase section */
		D5DCAF3E2CE3782D00D1070D /* Frameworks */ = {
			isa = PBXFrameworksBuildPhase;
			buildActionMask = 2147483647;
			files = (
			);
			runOnlyForDeploymentPostprocessing = 0;
		};
		D5DCAF542CE3782F00D1070D /* Frameworks */ = {
			isa = PBXFrameworksBuildPhase;
			buildActionMask = 2147483647;
			files = (
			);
			runOnlyForDeploymentPostprocessing = 0;
		};
		D5DCAF5E2CE3782F00D1070D /* Frameworks */ = {
			isa = PBXFrameworksBuildPhase;
			buildActionMask = 2147483647;
			files = (
			);
			runOnlyForDeploymentPostprocessing = 0;
		};
/* End PBXFrameworksBuildPhase section */

/* Begin PBXGroup section */
		D5DCAF382CE3782D00D1070D = {
			isa = PBXGroup;
			children = (
				D5DCAF432CE3782D00D1070D /* ProgressView */,
				D5DCAF5A2CE3782F00D1070D /* ProgressViewTests */,
				D5DCAF642CE3782F00D1070D /* ProgressViewUITests */,
				D5DCAF422CE3782D00D1070D /* Products */,
			);
			sourceTree = "<group>";
		};
		D5DCAF422CE3782D00D1070D /* Products */ = {
			isa = PBXGroup;
			children = (
				D5DCAF412CE3782D00D1070D /* ProgressView.app */,
				D5DCAF572CE3782F00D1070D /* ProgressViewTests.xctest */,
				D5DCAF612CE3782F00D1070D /* ProgressViewUITests.xctest */,
			);
			name = Products;
			sourceTree = "<group>";
		};
		D5DCAF432CE3782D00D1070D /* ProgressView */ = {
			isa = PBXGroup;
			children = (
				D5DCAF442CE3782D00D1070D /* AppDelegate.swift */,
				D5DCAF462CE3782D00D1070D /* SceneDelegate.swift */,
				D5DCAF482CE3782D00D1070D /* ViewController.swift */,
				D5DCAF4A2CE3782D00D1070D /* Main.storyboard */,
				D5DCAF4D2CE3782F00D1070D /* Assets.xcassets */,
				D5DCAF4F2CE3782F00D1070D /* LaunchScreen.storyboard */,
				D5DCAF522CE3782F00D1070D /* Info.plist */,
			);
			path = ProgressView;
			sourceTree = "<group>";
		};
		D5DCAF5A2CE3782F00D1070D /* ProgressViewTests */ = {
			isa = PBXGroup;
			children = (
				D5DCAF5B2CE3782F00D1070D /* ProgressViewTests.swift */,
			);
			path = ProgressViewTests;
			sourceTree = "<group>";
		};
		D5DCAF642CE3782F00D1070D /* ProgressViewUITests */ = {
			isa = PBXGroup;
			children = (
				D5DCAF652CE3782F00D1070D /* ProgressViewUITests.swift */,
				D5DCAF672CE3782F00D1070D /* ProgressViewUITestsLaunchTests.swift */,
			);
			path = ProgressViewUITests;
			sourceTree = "<group>";
		};
/* End PBXGroup section */

/* Begin PBXNativeTarget section */
		D5DCAF402CE3782D00D1070D /* ProgressView */ = {
			isa = PBXNativeTarget;
			buildConfigurationList = D5DCAF6B2CE3782F00D1070D /* Build configuration list for PBXNativeTarget "ProgressView" */;
			buildPhases = (
				D5DCAF3D2CE3782D00D1070D /* Sources */,
				D5DCAF3E2CE3782D00D1070D /* Frameworks */,
				D5DCAF3F2CE3782D00D1070D /* Resources */,
			);
			buildRules = (
			);
			dependencies = (
			);
			name = ProgressView;
			productName = ProgressView;
			productReference = D5DCAF412CE3782D00D1070D /* ProgressView.app */;
			productType = "com.apple.product-type.application";
		};
		D5DCAF562CE3782F00D1070D /* ProgressViewTests */ = {
			isa = PBXNativeTarget;
			buildConfigurationList = D5DCAF6E2CE3782F00D1070D /* Build configuration list for PBXNativeTarget "ProgressViewTests" */;
			buildPhases = (
				D5DCAF532CE3782F00D1070D /* Sources */,
				D5DCAF542CE3782F00D1070D /* Frameworks */,
				D5DCAF552CE3782F00D1070D /* Resources */,
			);
			buildRules = (
			);
			dependencies = (
				D5DCAF592CE3782F00D1070D /* PBXTargetDependency */,
			);
			name = ProgressViewTests;
			productName = ProgressViewTests;
			productReference = D5DCAF572CE3782F00D1070D /* ProgressViewTests.xctest */;
			productType = "com.apple.product-type.bundle.unit-test";
		};
		D5DCAF602CE3782F00D1070D /* ProgressViewUITests */ = {
			isa = PBXNativeTarget;
			buildConfigurationList = D5DCAF712CE3782F00D1070D /* Build configuration list for PBXNativeTarget "ProgressViewUITests" */;
			buildPhases = (
				D5DCAF5D2CE3782F00D1070D /* Sources */,
				D5DCAF5E2CE3782F00D1070D /* Frameworks */,
				D5DCAF5F2CE3782F00D1070D /* Resources */,
			);
			buildRules = (
			);
			dependencies = (
				D5DCAF632CE3782F00D1070D /* PBXTargetDependency */,
			);
			name = ProgressViewUITests;
			productName = ProgressViewUITests;
			productReference = D5DCAF612CE3782F00D1070D /* ProgressViewUITests.xctest */;
			productType = "com.apple.product-type.bundle.ui-testing";
		};
/* End PBXNativeTarget section */

/* Begin PBXProject section */
		D5DCAF392CE3782D00D1070D /* Project object */ = {
			isa = PBXProject;
			attributes = {
				BuildIndependentTargetsInParallel = 1;
				LastSwiftUpdateCheck = 1540;
				LastUpgradeCheck = 1540;
				TargetAttributes = {
					D5DCAF402CE3782D00D1070D = {
						CreatedOnToolsVersion = 15.4;
					};
					D5DCAF562CE3782F00D1070D = {
						CreatedOnToolsVersion = 15.4;
						TestTargetID = D5DCAF402CE3782D00D1070D;
					};
					D5DCAF602CE3782F00D1070D = {
						CreatedOnToolsVersion = 15.4;
						TestTargetID = D5DCAF402CE3782D00D1070D;
					};
				};
			};
			buildConfigurationList = D5DCAF3C2CE3782D00D1070D /* Build configuration list for PBXProject "ProgressView" */;
			compatibilityVersion = "Xcode 14.0";
			developmentRegion = en;
			hasScannedForEncodings = 0;
			knownRegions = (
				en,
				Base,
			);
			mainGroup = D5DCAF382CE3782D00D1070D;
			productRefGroup = D5DCAF422CE3782D00D1070D /* Products */;
			projectDirPath = "";
			projectRoot = "";
			targets = (
				D5DCAF402CE3782D00D1070D /* ProgressView */,
				D5DCAF562CE3782F00D1070D /* ProgressViewTests */,
				D5DCAF602CE3782F00D1070D /* ProgressViewUITests */,
			);
		};
/* End PBXProject section */

/* Begin PBXResourcesBuildPhase section */
		D5DCAF3F2CE3782D00D1070D /* Resources */ = {
			isa = PBXResourcesBuildPhase;
			buildActionMask = 2147483647;
			files = (
				D5DCAF4E2CE3782F00D1070D /* Assets.xcassets in Resources */,
				D5DCAF512CE3782F00D1070D /* Base in Resources */,
				D5DCAF4C2CE3782D00D1070D /* Base in Resources */,
			);
			runOnlyForDeploymentPostprocessing = 0;
		};
		D5DCAF552CE3782F00D1070D /* Resources */ = {
			isa = PBXResourcesBuildPhase;
			buildActionMask = 2147483647;
			files = (
			);
			runOnlyForDeploymentPostprocessing = 0;
		};
		D5DCAF5F2CE3782F00D1070D /* Resources */ = {
			isa = PBXResourcesBuildPhase;
			buildActionMask = 2147483647;
			files = (
			);
			runOnlyForDeploymentPostprocessing = 0;
		};
/* End PBXResourcesBuildPhase section */

/* Begin PBXSourcesBuildPhase section */
		D5DCAF3D2CE3782D00D1070D /* Sources */ = {
			isa = PBXSourcesBuildPhase;
			buildActionMask = 2147483647;
			files = (
				D5DCAF492CE3782D00D1070D /* ViewController.swift in Sources */,
				D5DCAF452CE3782D00D1070D /* AppDelegate.swift in Sources */,
				D5DCAF472CE3782D00D1070D /* SceneDelegate.swift in Sources */,
			);
			runOnlyForDeploymentPostprocessing = 0;
		};
		D5DCAF532CE3782F00D1070D /* Sources */ = {
			isa = PBXSourcesBuildPhase;
			buildActionMask = 2147483647;
			files = (
				D5DCAF5C2CE3782F00D1070D /* ProgressViewTests.swift in Sources */,
			);
			runOnlyForDeploymentPostprocessing = 0;
		};
		D5DCAF5D2CE3782F00D1070D /* Sources */ = {
			isa = PBXSourcesBuildPhase;
			buildActionMask = 2147483647;
			files = (
				D5DCAF682CE3782F00D1070D /* ProgressViewUITestsLaunchTests.swift in Sources */,
				D5DCAF662CE3782F00D1070D /* ProgressViewUITests.swift in Sources */,
			);
			runOnlyForDeploymentPostprocessing = 0;
		};
/* End PBXSourcesBuildPhase section */

/* Begin PBXTargetDependency section */
		D5DCAF592CE3782F00D1070D /* PBXTargetDependency */ = {
			isa = PBXTargetDependency;
			target = D5DCAF402CE3782D00D1070D /* ProgressView */;
			targetProxy = D5DCAF582CE3782F00D1070D /* PBXContainerItemProxy */;
		};
		D5DCAF632CE3782F00D1070D /* PBXTargetDependency */ = {
			isa = PBXTargetDependency;
			target = D5DCAF402CE3782D00D1070D /* ProgressView */;
			targetProxy = D5DCAF622CE3782F00D1070D /* PBXContainerItemProxy */;
		};
/* End PBXTargetDependency section */

/* Begin PBXVariantGroup section */
		D5DCAF4A2CE3782D00D1070D /* Main.storyboard */ = {
			isa = PBXVariantGroup;
			children = (
				D5DCAF4B2CE3782D00D1070D /* Base */,
			);
			name = Main.storyboard;
			sourceTree = "<group>";
		};
		D5DCAF4F2CE3782F00D1070D /* LaunchScreen.storyboard */ = {
			isa = PBXVariantGroup;
			children = (
				D5DCAF502CE3782F00D1070D /* Base */,
			);
			name = LaunchScreen.storyboard;
			sourceTree = "<group>";
		};
/* End PBXVariantGroup section */

/* Begin XCBuildConfiguration section */
		D5DCAF692CE3782F00D1070D /* Debug */ = {
			isa = XCBuildConfiguration;
			buildSettings = {
				ALWAYS_SEARCH_USER_PATHS = NO;
				ASSETCATALOG_COMPILER_GENERATE_SWIFT_ASSET_SYMBOL_EXTENSIONS = YES;
				CLANG_ANALYZER_NONNULL = YES;
				CLANG_ANALYZER_NUMBER_OBJECT_CONVERSION = YES_AGGRESSIVE;
				CLANG_CXX_LANGUAGE_STANDARD = "gnu++20";
				CLANG_ENABLE_MODULES = YES;
				CLANG_ENABLE_OBJC_ARC = YES;
				CLANG_ENABLE_OBJC_WEAK = YES;
				CLANG_WARN_BLOCK_CAPTURE_AUTORELEASING = YES;
				CLANG_WARN_BOOL_CONVERSION = YES;
				CLANG_WARN_COMMA = YES;
				CLANG_WARN_CONSTANT_CONVERSION = YES;
				CLANG_WARN_DEPRECATED_OBJC_IMPLEMENTATIONS = YES;
				CLANG_WARN_DIRECT_OBJC_ISA_USAGE = YES_ERROR;
				CLANG_WARN_DOCUMENTATION_COMMENTS = YES;
				CLANG_WARN_EMPTY_BODY = YES;
				CLANG_WARN_ENUM_CONVERSION = YES;
				CLANG_WARN_INFINITE_RECURSION = YES;
				CLANG_WARN_INT_CONVERSION = YES;
				CLANG_WARN_NON_LITERAL_NULL_CONVERSION = YES;
				CLANG_WARN_OBJC_IMPLICIT_RETAIN_SELF = YES;
				CLANG_WARN_OBJC_LITERAL_CONVERSION = YES;
				CLANG_WARN_OBJC_ROOT_CLASS = YES_ERROR;
				CLANG_WARN_QUOTED_INCLUDE_IN_FRAMEWORK_HEADER = YES;
				CLANG_WARN_RANGE_LOOP_ANALYSIS = YES;
				CLANG_WARN_STRICT_PROTOTYPES = YES;
				CLANG_WARN_SUSPICIOUS_MOVE = YES;
				CLANG_WARN_UNGUARDED_AVAILABILITY = YES_AGGRESSIVE;
				CLANG_WARN_UNREACHABLE_CODE = YES;
				CLANG_WARN__DUPLICATE_METHOD_MATCH = YES;
				COPY_PHASE_STRIP = NO;
				DEBUG_INFORMATION_FORMAT = dwarf;
				ENABLE_STRICT_OBJC_MSGSEND = YES;
				ENABLE_TESTABILITY = YES;
				ENABLE_USER_SCRIPT_SANDBOXING = YES;
				GCC_C_LANGUAGE_STANDARD = gnu17;
				GCC_DYNAMIC_NO_PIC = NO;
				GCC_NO_COMMON_BLOCKS = YES;
				GCC_OPTIMIZATION_LEVEL = 0;
				GCC_PREPROCESSOR_DEFINITIONS = (
					"DEBUG=1",
					"$(inherited)",
				);
				GCC_WARN_64_TO_32_BIT_CONVERSION = YES;
				GCC_WARN_ABOUT_RETURN_TYPE = YES_ERROR;
				GCC_WARN_UNDECLARED_SELECTOR = YES;
				GCC_WARN_UNINITIALIZED_AUTOS = YES_AGGRESSIVE;
				GCC_WARN_UNUSED_FUNCTION = YES;
				GCC_WARN_UNUSED_VARIABLE = YES;
				IPHONEOS_DEPLOYMENT_TARGET = 17.5;
				LOCALIZATION_PREFERS_STRING_CATALOGS = YES;
				MTL_ENABLE_DEBUG_INFO = INCLUDE_SOURCE;
				MTL_FAST_MATH = YES;
				ONLY_ACTIVE_ARCH = YES;
				SDKROOT = iphoneos;
				SWIFT_ACTIVE_COMPILATION_CONDITIONS = "DEBUG $(inherited)";
				SWIFT_OPTIMIZATION_LEVEL = "-Onone";
			};
			name = Debug;
		};
		D5DCAF6A2CE3782F00D1070D /* Release */ = {
			isa = XCBuildConfiguration;
			buildSettings = {
				ALWAYS_SEARCH_USER_PATHS = NO;
				ASSETCATALOG_COMPILER_GENERATE_SWIFT_ASSET_SYMBOL_EXTENSIONS = YES;
				CLANG_ANALYZER_NONNULL = YES;
				CLANG_ANALYZER_NUMBER_OBJECT_CONVERSION = YES_AGGRESSIVE;
				CLANG_CXX_LANGUAGE_STANDARD = "gnu++20";
				CLANG_ENABLE_MODULES = YES;
				CLANG_ENABLE_OBJC_ARC = YES;
				CLANG_ENABLE_OBJC_WEAK = YES;
				CLANG_WARN_BLOCK_CAPTURE_AUTORELEASING = YES;
				CLANG_WARN_BOOL_CONVERSION = YES;
				CLANG_WARN_COMMA = YES;
				CLANG_WARN_CONSTANT_CONVERSION = YES;
				CLANG_WARN_DEPRECATED_OBJC_IMPLEMENTATIONS = YES;
				CLANG_WARN_DIRECT_OBJC_ISA_USAGE = YES_ERROR;
				CLANG_WARN_DOCUMENTATION_COMMENTS = YES;
				CLANG_WARN_EMPTY_BODY = YES;
				CLANG_WARN_ENUM_CONVERSION = YES;
				CLANG_WARN_INFINITE_RECURSION = YES;
				CLANG_WARN_INT_CONVERSION = YES;
				CLANG_WARN_NON_LITERAL_NULL_CONVERSION = YES;
				CLANG_WARN_OBJC_IMPLICIT_RETAIN_SELF = YES;
				CLANG_WARN_OBJC_LITERAL_CONVERSION = YES;
				CLANG_WARN_OBJC_ROOT_CLASS = YES_ERROR;
				CLANG_WARN_QUOTED_INCLUDE_IN_FRAMEWORK_HEADER = YES;
				CLANG_WARN_RANGE_LOOP_ANALYSIS = YES;
				CLANG_WARN_STRICT_PROTOTYPES = YES;
				CLANG_WARN_SUSPICIOUS_MOVE = YES;
				CLANG_WARN_UNGUARDED_AVAILABILITY = YES_AGGRESSIVE;
				CLANG_WARN_UNREACHABLE_CODE = YES;
				CLANG_WARN__DUPLICATE_METHOD_MATCH = YES;
				COPY_PHASE_STRIP = NO;
				DEBUG_INFORMATION_FORMAT = "dwarf-with-dsym";
				ENABLE_NS_ASSERTIONS = NO;
				ENABLE_STRICT_OBJC_MSGSEND = YES;
				ENABLE_USER_SCRIPT_SANDBOXING = YES;
				GCC_C_LANGUAGE_STANDARD = gnu17;
				GCC_NO_COMMON_BLOCKS = YES;
				GCC_WARN_64_TO_32_BIT_CONVERSION = YES;
				GCC_WARN_ABOUT_RETURN_TYPE = YES_ERROR;
				GCC_WARN_UNDECLARED_SELECTOR = YES;
				GCC_WARN_UNINITIALIZED_AUTOS = YES_AGGRESSIVE;
				GCC_WARN_UNUSED_FUNCTION = YES;
				GCC_WARN_UNUSED_VARIABLE = YES;
				IPHONEOS_DEPLOYMENT_TARGET = 17.5;
				LOCALIZATION_PREFERS_STRING_CATALOGS = YES;
				MTL_ENABLE_DEBUG_INFO = NO;
				MTL_FAST_MATH = YES;
				SDKROOT = iphoneos;
				SWIFT_COMPILATION_MODE = wholemodule;
				VALIDATE_PRODUCT = YES;
			};
			name = Release;
		};
		D5DCAF6C2CE3782F00D1070D /* Debug */ = {
			isa = XCBuildConfiguration;
			buildSettings = {
				ASSETCATALOG_COMPILER_APPICON_NAME = AppIcon;
				ASSETCATALOG_COMPILER_GLOBAL_ACCENT_COLOR_NAME = AccentColor;
				CODE_SIGN_STYLE = Automatic;
				CURRENT_PROJECT_VERSION = 1;
				GENERATE_INFOPLIST_FILE = YES;
				INFOPLIST_FILE = ProgressView/Info.plist;
				INFOPLIST_KEY_UIApplicationSupportsIndirectInputEvents = YES;
				INFOPLIST_KEY_UILaunchStoryboardName = LaunchScreen;
				INFOPLIST_KEY_UIMainStoryboardFile = Main;
				INFOPLIST_KEY_UISupportedInterfaceOrientations_iPad = "UIInterfaceOrientationPortrait UIInterfaceOrientationPortraitUpsideDown UIInterfaceOrientationLandscapeLeft UIInterfaceOrientationLandscapeRight";
				INFOPLIST_KEY_UISupportedInterfaceOrientations_iPhone = "UIInterfaceOrientationPortrait UIInterfaceOrientationLandscapeLeft UIInterfaceOrientationLandscapeRight";
				LD_RUNPATH_SEARCH_PATHS = (
					"$(inherited)",
					"@executable_path/Frameworks",
				);
				MARKETING_VERSION = 1.0;
				PRODUCT_BUNDLE_IDENTIFIER = manasi.ProgressView;
				PRODUCT_NAME = "$(TARGET_NAME)";
				SWIFT_EMIT_LOC_STRINGS = YES;
				SWIFT_VERSION = 5.0;
				TARGETED_DEVICE_FAMILY = "1,2";
			};
			name = Debug;
		};
		D5DCAF6D2CE3782F00D1070D /* Release */ = {
			isa = XCBuildConfiguration;
			buildSettings = {
				ASSETCATALOG_COMPILER_APPICON_NAME = AppIcon;
				ASSETCATALOG_COMPILER_GLOBAL_ACCENT_COLOR_NAME = AccentColor;
				CODE_SIGN_STYLE = Automatic;
				CURRENT_PROJECT_VERSION = 1;
				GENERATE_INFOPLIST_FILE = YES;
				INFOPLIST_FILE = ProgressView/Info.plist;
				INFOPLIST_KEY_UIApplicationSupportsIndirectInputEvents = YES;
				INFOPLIST_KEY_UILaunchStoryboardName = LaunchScreen;
				INFOPLIST_KEY_UIMainStoryboardFile = Main;
				INFOPLIST_KEY_UISupportedInterfaceOrientations_iPad = "UIInterfaceOrientationPortrait UIInterfaceOrientationPortraitUpsideDown UIInterfaceOrientationLandscapeLeft UIInterfaceOrientationLandscapeRight";
				INFOPLIST_KEY_UISupportedInterfaceOrientations_iPhone = "UIInterfaceOrientationPortrait UIInterfaceOrientationLandscapeLeft UIInterfaceOrientationLandscapeRight";
				LD_RUNPATH_SEARCH_PATHS = (
					"$(inherited)",
					"@executable_path/Frameworks",
				);
				MARKETING_VERSION = 1.0;
				PRODUCT_BUNDLE_IDENTIFIER = manasi.ProgressView;
				PRODUCT_NAME = "$(TARGET_NAME)";
				SWIFT_EMIT_LOC_STRINGS = YES;
				SWIFT_VERSION = 5.0;
				TARGETED_DEVICE_FAMILY = "1,2";
			};
			name = Release;
		};
		D5DCAF6F2CE3782F00D1070D /* Debug */ = {
			isa = XCBuildConfiguration;
			buildSettings = {
				ALWAYS_EMBED_SWIFT_STANDARD_LIBRARIES = YES;
				BUNDLE_LOADER = "$(TEST_HOST)";
				CODE_SIGN_STYLE = Automatic;
				CURRENT_PROJECT_VERSION = 1;
				GENERATE_INFOPLIST_FILE = YES;
				IPHONEOS_DEPLOYMENT_TARGET = 17.5;
				MARKETING_VERSION = 1.0;
				PRODUCT_BUNDLE_IDENTIFIER = manasi.ProgressViewTests;
				PRODUCT_NAME = "$(TARGET_NAME)";
				SWIFT_EMIT_LOC_STRINGS = NO;
				SWIFT_VERSION = 5.0;
				TARGETED_DEVICE_FAMILY = "1,2";
				TEST_HOST = "$(BUILT_PRODUCTS_DIR)/ProgressView.app/$(BUNDLE_EXECUTABLE_FOLDER_PATH)/ProgressView";
			};
			name = Debug;
		};
		D5DCAF702CE3782F00D1070D /* Release */ = {
			isa = XCBuildConfiguration;
			buildSettings = {
				ALWAYS_EMBED_SWIFT_STANDARD_LIBRARIES = YES;
				BUNDLE_LOADER = "$(TEST_HOST)";
				CODE_SIGN_STYLE = Automatic;
				CURRENT_PROJECT_VERSION = 1;
				GENERATE_INFOPLIST_FILE = YES;
				IPHONEOS_DEPLOYMENT_TARGET = 17.5;
				MARKETING_VERSION = 1.0;
				PRODUCT_BUNDLE_IDENTIFIER = manasi.ProgressViewTests;
				PRODUCT_NAME = "$(TARGET_NAME)";
				SWIFT_EMIT_LOC_STRINGS = NO;
				SWIFT_VERSION = 5.0;
				TARGETED_DEVICE_FAMILY = "1,2";
				TEST_HOST = "$(BUILT_PRODUCTS_DIR)/ProgressView.app/$(BUNDLE_EXECUTABLE_FOLDER_PATH)/ProgressView";
			};
			name = Release;
		};
		D5DCAF722CE3782F00D1070D /* Debug */ = {
			isa = XCBuildConfiguration;
			buildSettings = {
				ALWAYS_EMBED_SWIFT_STANDARD_LIBRARIES = YES;
				CODE_SIGN_STYLE = Automatic;
				CURRENT_PROJECT_VERSION = 1;
				GENERATE_INFOPLIST_FILE = YES;
				MARKETING_VERSION = 1.0;
				PRODUCT_BUNDLE_IDENTIFIER = manasi.ProgressViewUITests;
				PRODUCT_NAME = "$(TARGET_NAME)";
				SWIFT_EMIT_LOC_STRINGS = NO;
				SWIFT_VERSION = 5.0;
				TARGETED_DEVICE_FAMILY = "1,2";
				TEST_TARGET_NAME = ProgressView;
			};
			name = Debug;
		};
		D5DCAF732CE3782F00D1070D /* Release */ = {
			isa = XCBuildConfiguration;
			buildSettings = {
				ALWAYS_EMBED_SWIFT_STANDARD_LIBRARIES = YES;
				CODE_SIGN_STYLE = Automatic;
				CURRENT_PROJECT_VERSION = 1;
				GENERATE_INFOPLIST_FILE = YES;
				MARKETING_VERSION = 1.0;
				PRODUCT_BUNDLE_IDENTIFIER = manasi.ProgressViewUITests;
				PRODUCT_NAME = "$(TARGET_NAME)";
				SWIFT_EMIT_LOC_STRINGS = NO;
				SWIFT_VERSION = 5.0;
				TARGETED_DEVICE_FAMILY = "1,2";
				TEST_TARGET_NAME = ProgressView;
			};
			name = Release;
		};
/* End XCBuildConfiguration section */

/* Begin XCConfigurationList section */
		D5DCAF3C2CE3782D00D1070D /* Build configuration list for PBXProject "ProgressView" */ = {
			isa = XCConfigurationList;
			buildConfigurations = (
				D5DCAF692CE3782F00D1070D /* Debug */,
				D5DCAF6A2CE3782F00D1070D /* Release */,
			);
			defaultConfigurationIsVisible = 0;
			defaultConfigurationName = Release;
		};
		D5DCAF6B2CE3782F00D1070D /* Build configuration list for PBXNativeTarget "ProgressView" */ = {
			isa = XCConfigurationList;
			buildConfigurations = (
				D5DCAF6C2CE3782F00D1070D /* Debug */,
				D5DCAF6D2CE3782F00D1070D /* Release */,
			);
			defaultConfigurationIsVisible = 0;
			defaultConfigurationName = Release;
		};
		D5DCAF6E2CE3782F00D1070D /* Build configuration list for PBXNativeTarget "ProgressViewTests" */ = {
			isa = XCConfigurationList;
			buildConfigurations = (
				D5DCAF6F2CE3782F00D1070D /* Debug */,
				D5DCAF702CE3782F00D1070D /* Release */,
			);
			defaultConfigurationIsVisible = 0;
			defaultConfigurationName = Release;
		};
		D5DCAF712CE3782F00D1070D /* Build configuration list for PBXNativeTarget "ProgressViewUITests" */ = {
			isa = XCConfigurationList;
			buildConfigurations = (
				D5DCAF722CE3782F00D1070D /* Debug */,
				D5DCAF732CE3782F00D1070D /* Release */,
			);
			defaultConfigurationIsVisible = 0;
			defaultConfigurationName = Release;
		};
/* End XCConfigurationList section */
	};
	rootObject = D5DCAF392CE3782D00D1070D /* Project object */;
}
